
Microsoft Visual Studio Solution File, Format Version 12.00
# Visual Studio Version 17
VisualStudioVersion = 17.7.34221.43
MinimumVisualStudioVersion = 10.0.40219.1
Project("{FAE04EC0-301F-11D3-BF4B-00C04F79EFBC}") = "Maze", "Maze\Maze.csproj", "{4DAEDAEB-9551-4B6A-B0D2-FE04DB446B40}"
EndProject
Global
	GlobalSection(SolutionConfigurationPlatforms) = preSolution
		Debug|Any CPU = Debug|Any CPU
		Release|Any CPU = Release|Any CPU
	EndGlobalSection
	GlobalSection(ProjectConfigurationPlatforms) = postSolution
		{4DAEDAEB-9551-4B6A-B0D2-FE04DB446B40}.Debug|Any CPU.ActiveCfg = Debug|Any CPU
		{4DAEDAEB-9551-4B6A-B0D2-FE04DB446B40}.Debug|Any CPU.Build.0 = Debug|Any CPU
		{4DAEDAEB-9551-4B6A-B0D2-FE04DB446B40}.Release|Any CPU.ActiveCfg = Release|Any CPU
		{4DAEDAEB-9551-4B6A-B0D2-FE04DB446B40}.Release|Any CPU.Build.0 = Release|Any CPU
	EndGlobalSection
	GlobalSection(SolutionProperties) = preSolution
		HideSolutionNode = FALSE
	EndGlobalSection
	GlobalSection(ExtensibilityGlobals) = postSolution
		SolutionGuid = {1D9270DC-C397-470F-891F-9E07E93883BE}
	EndGlobalSection
EndGlobal
