
Microsoft Visual Studio Solution File, Format Version 12.00
# Visual Studio Version 17
VisualStudioVersion = 17.7.34221.43
MinimumVisualStudioVersion = 10.0.40219.1
Project("{FAE04EC0-301F-11D3-BF4B-00C04F79EFBC}") = "Builder", "Builder\Builder.csproj", "{187BFD92-6CCD-4AFE-BD50-DBEC51BA796E}"
EndProject
Global
	GlobalSection(SolutionConfigurationPlatforms) = preSolution
		Debug|Any CPU = Debug|Any CPU
		Release|Any CPU = Release|Any CPU
	EndGlobalSection
	GlobalSection(ProjectConfigurationPlatforms) = postSolution
		{187BFD92-6CCD-4AFE-BD50-DBEC51BA796E}.Debug|Any CPU.ActiveCfg = Debug|Any CPU
		{187BFD92-6CCD-4AFE-BD50-DBEC51BA796E}.Debug|Any CPU.Build.0 = Debug|Any CPU
		{187BFD92-6CCD-4AFE-BD50-DBEC51BA796E}.Release|Any CPU.ActiveCfg = Release|Any CPU
		{187BFD92-6CCD-4AFE-BD50-DBEC51BA796E}.Release|Any CPU.Build.0 = Release|Any CPU
	EndGlobalSection
	GlobalSection(SolutionProperties) = preSolution
		HideSolutionNode = FALSE
	EndGlobalSection
	GlobalSection(ExtensibilityGlobals) = postSolution
		SolutionGuid = {F12EEEA8-9C2F-4CC9-8414-A8515A3CB0C0}
	EndGlobalSection
EndGlobal
