
Microsoft Visual Studio Solution File, Format Version 12.00
# Visual Studio Version 17
VisualStudioVersion = 17.7.34221.43
MinimumVisualStudioVersion = 10.0.40219.1
Project("{FAE04EC0-301F-11D3-BF4B-00C04F79EFBC}") = "Memento", "Memento\Memento.csproj", "{FE68ABE4-3D9D-4555-8775-53542E63CF45}"
EndProject
Global
	GlobalSection(SolutionConfigurationPlatforms) = preSolution
		Debug|Any CPU = Debug|Any CPU
		Release|Any CPU = Release|Any CPU
	EndGlobalSection
	GlobalSection(ProjectConfigurationPlatforms) = postSolution
		{FE68ABE4-3D9D-4555-8775-53542E63CF45}.Debug|Any CPU.ActiveCfg = Debug|Any CPU
		{FE68ABE4-3D9D-4555-8775-53542E63CF45}.Debug|Any CPU.Build.0 = Debug|Any CPU
		{FE68ABE4-3D9D-4555-8775-53542E63CF45}.Release|Any CPU.ActiveCfg = Release|Any CPU
		{FE68ABE4-3D9D-4555-8775-53542E63CF45}.Release|Any CPU.Build.0 = Release|Any CPU
	EndGlobalSection
	GlobalSection(SolutionProperties) = preSolution
		HideSolutionNode = FALSE
	EndGlobalSection
	GlobalSection(ExtensibilityGlobals) = postSolution
		SolutionGuid = {1A0877D0-CA32-4A45-9BBD-231683515FCF}
	EndGlobalSection
EndGlobal
