
Microsoft Visual Studio Solution File, Format Version 12.00
# Visual Studio Version 17
VisualStudioVersion = 17.7.34221.43
MinimumVisualStudioVersion = 10.0.40219.1
Project("{FAE04EC0-301F-11D3-BF4B-00C04F79EFBC}") = "Flyweight", "Flyweight\Flyweight.csproj", "{62A82E8C-6ECC-489B-8AFF-9E4613522878}"
EndProject
Global
	GlobalSection(SolutionConfigurationPlatforms) = preSolution
		Debug|Any CPU = Debug|Any CPU
		Release|Any CPU = Release|Any CPU
	EndGlobalSection
	GlobalSection(ProjectConfigurationPlatforms) = postSolution
		{62A82E8C-6ECC-489B-8AFF-9E4613522878}.Debug|Any CPU.ActiveCfg = Debug|Any CPU
		{62A82E8C-6ECC-489B-8AFF-9E4613522878}.Debug|Any CPU.Build.0 = Debug|Any CPU
		{62A82E8C-6ECC-489B-8AFF-9E4613522878}.Release|Any CPU.ActiveCfg = Release|Any CPU
		{62A82E8C-6ECC-489B-8AFF-9E4613522878}.Release|Any CPU.Build.0 = Release|Any CPU
	EndGlobalSection
	GlobalSection(SolutionProperties) = preSolution
		HideSolutionNode = FALSE
	EndGlobalSection
	GlobalSection(ExtensibilityGlobals) = postSolution
		SolutionGuid = {CF40E727-FDDF-467D-84DB-A719C200D6CB}
	EndGlobalSection
EndGlobal
