
Microsoft Visual Studio Solution File, Format Version 12.00
# Visual Studio Version 17
VisualStudioVersion = 17.7.34221.43
MinimumVisualStudioVersion = 10.0.40219.1
Project("{FAE04EC0-301F-11D3-BF4B-00C04F79EFBC}") = "Adapter", "Adapter\Adapter.csproj", "{AEB657C0-E143-4B81-9EBD-36F48ED0E462}"
EndProject
Global
	GlobalSection(SolutionConfigurationPlatforms) = preSolution
		Debug|Any CPU = Debug|Any CPU
		Release|Any CPU = Release|Any CPU
	EndGlobalSection
	GlobalSection(ProjectConfigurationPlatforms) = postSolution
		{AEB657C0-E143-4B81-9EBD-36F48ED0E462}.Debug|Any CPU.ActiveCfg = Debug|Any CPU
		{AEB657C0-E143-4B81-9EBD-36F48ED0E462}.Debug|Any CPU.Build.0 = Debug|Any CPU
		{AEB657C0-E143-4B81-9EBD-36F48ED0E462}.Release|Any CPU.ActiveCfg = Release|Any CPU
		{AEB657C0-E143-4B81-9EBD-36F48ED0E462}.Release|Any CPU.Build.0 = Release|Any CPU
	EndGlobalSection
	GlobalSection(SolutionProperties) = preSolution
		HideSolutionNode = FALSE
	EndGlobalSection
	GlobalSection(ExtensibilityGlobals) = postSolution
		SolutionGuid = {C6DC02B7-F227-4281-A789-E3895DE9C88F}
	EndGlobalSection
EndGlobal
